
Microsoft Visual Studio Solution File, Format Version 12.00
# Visual Studio Version 17
VisualStudioVersion = 17.5.33530.505
MinimumVisualStudioVersion = 10.0.40219.1
Project("{FAE04EC0-301F-11D3-BF4B-00C04F79EFBC}") = "SACNASP_wf", "SACNASP_wf.csproj", "{A0695CBC-6294-4100-BE80-4FD4F6FA3D82}"
EndProject
Global
	GlobalSection(SolutionConfigurationPlatforms) = preSolution
		Debug|Any CPU = Debug|Any CPU
		Release|Any CPU = Release|Any CPU
	EndGlobalSection
	GlobalSection(ProjectConfigurationPlatforms) = postSolution
		{A0695CBC-6294-4100-BE80-4FD4F6FA3D82}.Debug|Any CPU.ActiveCfg = Debug|Any CPU
		{A0695CBC-6294-4100-BE80-4FD4F6FA3D82}.Debug|Any CPU.Build.0 = Debug|Any CPU
		{A0695CBC-6294-4100-BE80-4FD4F6FA3D82}.Release|Any CPU.ActiveCfg = Release|Any CPU
		{A0695CBC-6294-4100-BE80-4FD4F6FA3D82}.Release|Any CPU.Build.0 = Release|Any CPU
	EndGlobalSection
	GlobalSection(SolutionProperties) = preSolution
		HideSolutionNode = FALSE
	EndGlobalSection
	GlobalSection(ExtensibilityGlobals) = postSolution
		SolutionGuid = {273DDD3B-4F01-4567-AE39-259D587228E6}
	EndGlobalSection
EndGlobal
